{
  "name": "interactive-portfolio",
  "version": "1.0.0",
  "lockfileVersion": 3,
  "requires": true,
  "packages": {
    "": {
      "name": "interactive-portfolio",
      "version": "1.0.0",
      "license": "ISC",
      "dependencies": {
        "animejs": "^4.0.2"
      },
      "devDependencies": {
        "@types/animejs": "^3.1.13",
        "typescript": "^5.8.3"
      }
    },
    "node_modules/@types/animejs": {
      "version": "3.1.13",
      "resolved": "https://registry.npmjs.org/@types/animejs/-/animejs-3.1.13.tgz",
      "integrity": "sha512-yWg9l1z7CAv/TKpty4/vupEh24jDGUZXv4r26StRkpUPQm04ztJaftgpto8vwdFs8SiTq6XfaPKCSI+wjzNMvQ==",
      "dev": true,
      "license": "MIT"
    },
    "node_modules/animejs": {
      "version": "4.0.2",
      "resolved": "https://registry.npmjs.org/animejs/-/animejs-4.0.2.tgz",
      "integrity": "sha512-f0L/kSya2RF23iMSF/VO01pMmLwlAFoiQeNAvBXhEyLzIPd2/QTBRatwGUqkVCC6seaAJYzAkGir55N4SL+h3A==",
      "license": "MIT"
    },
    "node_modules/typescript": {
      "version": "5.8.3",
      "resolved": "https://registry.npmjs.org/typescript/-/typescript-5.8.3.tgz",
      "integrity": "sha512-p1diW6TqL9L07nNxvRMM7hMMw4c5XOo/1ibL4aAIGmSAt9slTE1Xgw5KWuof2uTOvCg9BY7ZRi+GaF+7sfgPeQ==",
      "dev": true,
      "license": "Apache-2.0",
      "bin": {
        "tsc": "bin/tsc",
        "tsserver": "bin/tsserver"
      },
      "engines": {
        "node": ">=14.17"
      }
    }
  }
}
